// !$*UTF8*$!
{
	archiveVersion = 1;
	classes = {
	};
	objectVersion = 50;
	objects = {

/* Begin PBXBuildFile section */
		3DB9FE9422962B690057E46B /* AppDelegate.swift in Sources */ = {isa = PBXBuildFile; fileRef = 3DB9FE9322962B690057E46B /* AppDelegate.swift */; };
		3DB9FE9622962B690057E46B /* ViewController.swift in Sources */ = {isa = PBXBuildFile; fileRef = 3DB9FE9522962B690057E46B /* ViewController.swift */; };
		3DB9FE9922962B690057E46B /* Main.storyboard in Resources */ = {isa = PBXBuildFile; fileRef = 3DB9FE9722962B690057E46B /* Main.storyboard */; };
		3DB9FE9C22962B690057E46B /* dropdown_test.xcdatamodeld in Sources */ = {isa = PBXBuildFile; fileRef = 3DB9FE9A22962B690057E46B /* dropdown_test.xcdatamodeld */; };
		3DB9FE9E22962B6B0057E46B /* Assets.xcassets in Resources */ = {isa = PBXBuildFile; fileRef = 3DB9FE9D22962B6B0057E46B /* Assets.xcassets */; };
		3DB9FEA122962B6B0057E46B /* LaunchScreen.storyboard in Resources */ = {isa = PBXBuildFile; fileRef = 3DB9FE9F22962B6B0057E46B /* LaunchScreen.storyboard */; };
		3DB9FEAC22962B6B0057E46B /* dropdown_testTests.swift in Sources */ = {isa = PBXBuildFile; fileRef = 3DB9FEAB22962B6B0057E46B /* dropdown_testTests.swift */; };
		3DB9FEB722962B6B0057E46B /* dropdown_testUITests.swift in Sources */ = {isa = PBXBuildFile; fileRef = 3DB9FEB622962B6B0057E46B /* dropdown_testUITests.swift */; };
/* End PBXBuildFile section */

/* Begin PBXContainerItemProxy section */
		3DB9FEA822962B6B0057E46B /* PBXContainerItemProxy */ = {
			isa = PBXContainerItemProxy;
			containerPortal = 3DB9FE8822962B690057E46B /* Project object */;
			proxyType = 1;
			remoteGlobalIDString = 3DB9FE8F22962B690057E46B;
			remoteInfo = dropdown_test;
		};
		3DB9FEB322962B6B0057E46B /* PBXContainerItemProxy */ = {
			isa = PBXContainerItemProxy;
			containerPortal = 3DB9FE8822962B690057E46B /* Project object */;
			proxyType = 1;
			remoteGlobalIDString = 3DB9FE8F22962B690057E46B;
			remoteInfo = dropdown_test;
		};
/* End PBXContainerItemProxy section */

/* Begin PBXFileReference section */
		3DB9FE9022962B690057E46B /* dropdown_test.app */ = {isa = PBXFileReference; explicitFileType = wrapper.application; includeInIndex = 0; path = dropdown_test.app; sourceTree = BUILT_PRODUCTS_DIR; };
		3DB9FE9322962B690057E46B /* AppDelegate.swift */ = {isa = PBXFileReference; lastKnownFileType = sourcecode.swift; path = AppDelegate.swift; sourceTree = "<group>"; };
		3DB9FE9522962B690057E46B /* ViewController.swift */ = {isa = PBXFileReference; lastKnownFileType = sourcecode.swift; path = ViewController.swift; sourceTree = "<group>"; };
		3DB9FE9822962B690057E46B /* Base */ = {isa = PBXFileReference; lastKnownFileType = file.storyboard; name = Base; path = Base.lproj/Main.storyboard; sourceTree = "<group>"; };
		3DB9FE9B22962B690057E46B /* dropdown_test.xcdatamodel */ = {isa = PBXFileReference; lastKnownFileType = wrapper.xcdatamodel; path = dropdown_test.xcdatamodel; sourceTree = "<group>"; };
		3DB9FE9D22962B6B0057E46B /* Assets.xcassets */ = {isa = PBXFileReference; lastKnownFileType = folder.assetcatalog; path = Assets.xcassets; sourceTree = "<group>"; };
		3DB9FEA022962B6B0057E46B /* Base */ = {isa = PBXFileReference; lastKnownFileType = file.storyboard; name = Base; path = Base.lproj/LaunchScreen.storyboard; sourceTree = "<group>"; };
		3DB9FEA222962B6B0057E46B /* Info.plist */ = {isa = PBXFileReference; lastKnownFileType = text.plist.xml; path = Info.plist; sourceTree = "<group>"; };
		3DB9FEA722962B6B0057E46B /* dropdown_testTests.xctest */ = {isa = PBXFileReference; explicitFileType = wrapper.cfbundle; includeInIndex = 0; path = dropdown_testTests.xctest; sourceTree = BUILT_PRODUCTS_DIR; };
		3DB9FEAB22962B6B0057E46B /* dropdown_testTests.swift */ = {isa = PBXFileReference; lastKnownFileType = sourcecode.swift; path = dropdown_testTests.swift; sourceTree = "<group>"; };
		3DB9FEAD22962B6B0057E46B /* Info.plist */ = {isa = PBXFileReference; lastKnownFileType = text.plist.xml; path = Info.plist; sourceTree = "<group>"; };
		3DB9FEB222962B6B0057E46B /* dropdown_testUITests.xctest */ = {isa = PBXFileReference; explicitFileType = wrapper.cfbundle; includeInIndex = 0; path = dropdown_testUITests.xctest; sourceTree = BUILT_PRODUCTS_DIR; };
		3DB9FEB622962B6B0057E46B /* dropdown_testUITests.swift */ = {isa = PBXFileReference; lastKnownFileType = sourcecode.swift; path = dropdown_testUITests.swift; sourceTree = "<group>"; };
		3DB9FEB822962B6B0057E46B /* Info.plist */ = {isa = PBXFileReference; lastKnownFileType = text.plist.xml; path = Info.plist; sourceTree = "<group>"; };
/* End PBXFileReference section */

/* Begin PBXFrameworksBuildPhase section */
		3DB9FE8D22962B690057E46B /* Frameworks */ = {
			isa = PBXFrameworksBuildPhase;
			buildActionMask = 2147483647;
			files = (
			);
			runOnlyForDeploymentPostprocessing = 0;
		};
		3DB9FEA422962B6B0057E46B /* Frameworks */ = {
			isa = PBXFrameworksBuildPhase;
			buildActionMask = 2147483647;
			files = (
			);
			runOnlyForDeploymentPostprocessing = 0;
		};
		3DB9FEAF22962B6B0057E46B /* Frameworks */ = {
			isa = PBXFrameworksBuildPhase;
			buildActionMask = 2147483647;
			files = (
			);
			runOnlyForDeploymentPostprocessing = 0;
		};
/* End PBXFrameworksBuildPhase section */

/* Begin PBXGroup section */
		3DB9FE8722962B690057E46B = {
			isa = PBXGroup;
			children = (
				3DB9FE9222962B690057E46B /* dropdown_test */,
				3DB9FEAA22962B6B0057E46B /* dropdown_testTests */,
				3DB9FEB522962B6B0057E46B /* dropdown_testUITests */,
				3DB9FE9122962B690057E46B /* Products */,
			);
			sourceTree = "<group>";
		};
		3DB9FE9122962B690057E46B /* Products */ = {
			isa = PBXGroup;
			children = (
				3DB9FE9022962B690057E46B /* dropdown_test.app */,
				3DB9FEA722962B6B0057E46B /* dropdown_testTests.xctest */,
				3DB9FEB222962B6B0057E46B /* dropdown_testUITests.xctest */,
			);
			name = Products;
			sourceTree = "<group>";
		};
		3DB9FE9222962B690057E46B /* dropdown_test */ = {
			isa = PBXGroup;
			children = (
				3DB9FE9322962B690057E46B /* AppDelegate.swift */,
				3DB9FE9522962B690057E46B /* ViewController.swift */,
				3DB9FE9722962B690057E46B /* Main.storyboard */,
				3DB9FE9D22962B6B0057E46B /* Assets.xcassets */,
				3DB9FE9F22962B6B0057E46B /* LaunchScreen.storyboard */,
				3DB9FEA222962B6B0057E46B /* Info.plist */,
				3DB9FE9A22962B690057E46B /* dropdown_test.xcdatamodeld */,
			);
			path = dropdown_test;
			sourceTree = "<group>";
		};
		3DB9FEAA22962B6B0057E46B /* dropdown_testTests */ = {
			isa = PBXGroup;
			children = (
				3DB9FEAB22962B6B0057E46B /* dropdown_testTests.swift */,
				3DB9FEAD22962B6B0057E46B /* Info.plist */,
			);
			path = dropdown_testTests;
			sourceTree = "<group>";
		};
		3DB9FEB522962B6B0057E46B /* dropdown_testUITests */ = {
			isa = PBXGroup;
			children = (
				3DB9FEB622962B6B0057E46B /* dropdown_testUITests.swift */,
				3DB9FEB822962B6B0057E46B /* Info.plist */,
			);
			path = dropdown_testUITests;
			sourceTree = "<group>";
		};
/* End PBXGroup section */

/* Begin PBXNativeTarget section */
		3DB9FE8F22962B690057E46B /* dropdown_test */ = {
			isa = PBXNativeTarget;
			buildConfigurationList = 3DB9FEBB22962B6B0057E46B /* Build configuration list for PBXNativeTarget "dropdown_test" */;
			buildPhases = (
				3DB9FE8C22962B690057E46B /* Sources */,
				3DB9FE8D22962B690057E46B /* Frameworks */,
				3DB9FE8E22962B690057E46B /* Resources */,
			);
			buildRules = (
			);
			dependencies = (
			);
			name = dropdown_test;
			productName = dropdown_test;
			productReference = 3DB9FE9022962B690057E46B /* dropdown_test.app */;
			productType = "com.apple.product-type.application";
		};
		3DB9FEA622962B6B0057E46B /* dropdown_testTests */ = {
			isa = PBXNativeTarget;
			buildConfigurationList = 3DB9FEBE22962B6B0057E46B /* Build configuration list for PBXNativeTarget "dropdown_testTests" */;
			buildPhases = (
				3DB9FEA322962B6B0057E46B /* Sources */,
				3DB9FEA422962B6B0057E46B /* Frameworks */,
				3DB9FEA522962B6B0057E46B /* Resources */,
			);
			buildRules = (
			);
			dependencies = (
				3DB9FEA922962B6B0057E46B /* PBXTargetDependency */,
			);
			name = dropdown_testTests;
			productName = dropdown_testTests;
			productReference = 3DB9FEA722962B6B0057E46B /* dropdown_testTests.xctest */;
			productType = "com.apple.product-type.bundle.unit-test";
		};
		3DB9FEB122962B6B0057E46B /* dropdown_testUITests */ = {
			isa = PBXNativeTarget;
			buildConfigurationList = 3DB9FEC122962B6B0057E46B /* Build configuration list for PBXNativeTarget "dropdown_testUITests" */;
			buildPhases = (
				3DB9FEAE22962B6B0057E46B /* Sources */,
				3DB9FEAF22962B6B0057E46B /* Frameworks */,
				3DB9FEB022962B6B0057E46B /* Resources */,
			);
			buildRules = (
			);
			dependencies = (
				3DB9FEB422962B6B0057E46B /* PBXTargetDependency */,
			);
			name = dropdown_testUITests;
			productName = dropdown_testUITests;
			productReference = 3DB9FEB222962B6B0057E46B /* dropdown_testUITests.xctest */;
			productType = "com.apple.product-type.bundle.ui-testing";
		};
/* End PBXNativeTarget section */

/* Begin PBXProject section */
		3DB9FE8822962B690057E46B /* Project object */ = {
			isa = PBXProject;
			attributes = {
				LastSwiftUpdateCheck = 1020;
				LastUpgradeCheck = 1020;
				ORGANIZATIONNAME = "Weiran Du";
				TargetAttributes = {
					3DB9FE8F22962B690057E46B = {
						CreatedOnToolsVersion = 10.2.1;
					};
					3DB9FEA622962B6B0057E46B = {
						CreatedOnToolsVersion = 10.2.1;
						TestTargetID = 3DB9FE8F22962B690057E46B;
					};
					3DB9FEB122962B6B0057E46B = {
						CreatedOnToolsVersion = 10.2.1;
						TestTargetID = 3DB9FE8F22962B690057E46B;
					};
				};
			};
			buildConfigurationList = 3DB9FE8B22962B690057E46B /* Build configuration list for PBXProject "dropdown_test" */;
			compatibilityVersion = "Xcode 9.3";
			developmentRegion = en;
			hasScannedForEncodings = 0;
			knownRegions = (
				en,
				Base,
			);
			mainGroup = 3DB9FE8722962B690057E46B;
			productRefGroup = 3DB9FE9122962B690057E46B /* Products */;
			projectDirPath = "";
			projectRoot = "";
			targets = (
				3DB9FE8F22962B690057E46B /* dropdown_test */,
				3DB9FEA622962B6B0057E46B /* dropdown_testTests */,
				3DB9FEB122962B6B0057E46B /* dropdown_testUITests */,
			);
		};
/* End PBXProject section */

/* Begin PBXResourcesBuildPhase section */
		3DB9FE8E22962B690057E46B /* Resources */ = {
			isa = PBXResourcesBuildPhase;
			buildActionMask = 2147483647;
			files = (
				3DB9FEA122962B6B0057E46B /* LaunchScreen.storyboard in Resources */,
				3DB9FE9E22962B6B0057E46B /* Assets.xcassets in Resources */,
				3DB9FE9922962B690057E46B /* Main.storyboard in Resources */,
			);
			runOnlyForDeploymentPostprocessing = 0;
		};
		3DB9FEA522962B6B0057E46B /* Resources */ = {
			isa = PBXResourcesBuildPhase;
			buildActionMask = 2147483647;
			files = (
			);
			runOnlyForDeploymentPostprocessing = 0;
		};
		3DB9FEB022962B6B0057E46B /* Resources */ = {
			isa = PBXResourcesBuildPhase;
			buildActionMask = 2147483647;
			files = (
			);
			runOnlyForDeploymentPostprocessing = 0;
		};
/* End PBXResourcesBuildPhase section */

/* Begin PBXSourcesBuildPhase section */
		3DB9FE8C22962B690057E46B /* Sources */ = {
			isa = PBXSourcesBuildPhase;
			buildActionMask = 2147483647;
			files = (
				3DB9FE9622962B690057E46B /* ViewController.swift in Sources */,
				3DB9FE9422962B690057E46B /* AppDelegate.swift in Sources */,
				3DB9FE9C22962B690057E46B /* dropdown_test.xcdatamodeld in Sources */,
			);
			runOnlyForDeploymentPostprocessing = 0;
		};
		3DB9FEA322962B6B0057E46B /* Sources */ = {
			isa = PBXSourcesBuildPhase;
			buildActionMask = 2147483647;
			files = (
				3DB9FEAC22962B6B0057E46B /* dropdown_testTests.swift in Sources */,
			);
			runOnlyForDeploymentPostprocessing = 0;
		};
		3DB9FEAE22962B6B0057E46B /* Sources */ = {
			isa = PBXSourcesBuildPhase;
			buildActionMask = 2147483647;
			files = (
				3DB9FEB722962B6B0057E46B /* dropdown_testUITests.swift in Sources */,
			);
			runOnlyForDeploymentPostprocessing = 0;
		};
/* End PBXSourcesBuildPhase section */

/* Begin PBXTargetDependency section */
		3DB9FEA922962B6B0057E46B /* PBXTargetDependency */ = {
			isa = PBXTargetDependency;
			target = 3DB9FE8F22962B690057E46B /* dropdown_test */;
			targetProxy = 3DB9FEA822962B6B0057E46B /* PBXContainerItemProxy */;
		};
		3DB9FEB422962B6B0057E46B /* PBXTargetDependency */ = {
			isa = PBXTargetDependency;
			target = 3DB9FE8F22962B690057E46B /* dropdown_test */;
			targetProxy = 3DB9FEB322962B6B0057E46B /* PBXContainerItemProxy */;
		};
/* End PBXTargetDependency section */

/* Begin PBXVariantGroup section */
		3DB9FE9722962B690057E46B /* Main.storyboard */ = {
			isa = PBXVariantGroup;
			children = (
				3DB9FE9822962B690057E46B /* Base */,
			);
			name = Main.storyboard;
			sourceTree = "<group>";
		};
		3DB9FE9F22962B6B0057E46B /* LaunchScreen.storyboard */ = {
			isa = PBXVariantGroup;
			children = (
				3DB9FEA022962B6B0057E46B /* Base */,
			);
			name = LaunchScreen.storyboard;
			sourceTree = "<group>";
		};
/* End PBXVariantGroup section */

/* Begin XCBuildConfiguration section */
		3DB9FEB922962B6B0057E46B /* Debug */ = {
			isa = XCBuildConfiguration;
			buildSettings = {
				ALWAYS_SEARCH_USER_PATHS = NO;
				CLANG_ANALYZER_NONNULL = YES;
				CLANG_ANALYZER_NUMBER_OBJECT_CONVERSION = YES_AGGRESSIVE;
				CLANG_CXX_LANGUAGE_STANDARD = "gnu++14";
				CLANG_CXX_LIBRARY = "libc++";
				CLANG_ENABLE_MODULES = YES;
				CLANG_ENABLE_OBJC_ARC = YES;
				CLANG_ENABLE_OBJC_WEAK = YES;
				CLANG_WARN_BLOCK_CAPTURE_AUTORELEASING = YES;
				CLANG_WARN_BOOL_CONVERSION = YES;
				CLANG_WARN_COMMA = YES;
				CLANG_WARN_CONSTANT_CONVERSION = YES;
				CLANG_WARN_DEPRECATED_OBJC_IMPLEMENTATIONS = YES;
				CLANG_WARN_DIRECT_OBJC_ISA_USAGE = YES_ERROR;
				CLANG_WARN_DOCUMENTATION_COMMENTS = YES;
				CLANG_WARN_EMPTY_BODY = YES;
				CLANG_WARN_ENUM_CONVERSION = YES;
				CLANG_WARN_INFINITE_RECURSION = YES;
				CLANG_WARN_INT_CONVERSION = YES;
				CLANG_WARN_NON_LITERAL_NULL_CONVERSION = YES;
				CLANG_WARN_OBJC_IMPLICIT_RETAIN_SELF = YES;
				CLANG_WARN_OBJC_LITERAL_CONVERSION = YES;
				CLANG_WARN_OBJC_ROOT_CLASS = YES_ERROR;
				CLANG_WARN_RANGE_LOOP_ANALYSIS = YES;
				CLANG_WARN_STRICT_PROTOTYPES = YES;
				CLANG_WARN_SUSPICIOUS_MOVE = YES;
				CLANG_WARN_UNGUARDED_AVAILABILITY = YES_AGGRESSIVE;
				CLANG_WARN_UNREACHABLE_CODE = YES;
				CLANG_WARN__DUPLICATE_METHOD_MATCH = YES;
				CODE_SIGN_IDENTITY = "iPhone Developer";
				COPY_PHASE_STRIP = NO;
				DEBUG_INFORMATION_FORMAT = dwarf;
				ENABLE_STRICT_OBJC_MSGSEND = YES;
				ENABLE_TESTABILITY = YES;
				GCC_C_LANGUAGE_STANDARD = gnu11;
				GCC_DYNAMIC_NO_PIC = NO;
				GCC_NO_COMMON_BLOCKS = YES;
				GCC_OPTIMIZATION_LEVEL = 0;
				GCC_PREPROCESSOR_DEFINITIONS = (
					"DEBUG=1",
					"$(inherited)",
				);
				GCC_WARN_64_TO_32_BIT_CONVERSION = YES;
				GCC_WARN_ABOUT_RETURN_TYPE = YES_ERROR;
				GCC_WARN_UNDECLARED_SELECTOR = YES;
				GCC_WARN_UNINITIALIZED_AUTOS = YES_AGGRESSIVE;
				GCC_WARN_UNUSED_FUNCTION = YES;
				GCC_WARN_UNUSED_VARIABLE = YES;
				IPHONEOS_DEPLOYMENT_TARGET = 12.2;
				MTL_ENABLE_DEBUG_INFO = INCLUDE_SOURCE;
				MTL_FAST_MATH = YES;
				ONLY_ACTIVE_ARCH = YES;
				SDKROOT = iphoneos;
				SWIFT_ACTIVE_COMPILATION_CONDITIONS = DEBUG;
				SWIFT_OPTIMIZATION_LEVEL = "-Onone";
			};
			name = Debug;
		};
		3DB9FEBA22962B6B0057E46B /* Release */ = {
			isa = XCBuildConfiguration;
			buildSettings = {
				ALWAYS_SEARCH_USER_PATHS = NO;
				CLANG_ANALYZER_NONNULL = YES;
				CLANG_ANALYZER_NUMBER_OBJECT_CONVERSION = YES_AGGRESSIVE;
				CLANG_CXX_LANGUAGE_STANDARD = "gnu++14";
				CLANG_CXX_LIBRARY = "libc++";
				CLANG_ENABLE_MODULES = YES;
				CLANG_ENABLE_OBJC_ARC = YES;
				CLANG_ENABLE_OBJC_WEAK = YES;
				CLANG_WARN_BLOCK_CAPTURE_AUTORELEASING = YES;
				CLANG_WARN_BOOL_CONVERSION = YES;
				CLANG_WARN_COMMA = YES;
				CLANG_WARN_CONSTANT_CONVERSION = YES;
				CLANG_WARN_DEPRECATED_OBJC_IMPLEMENTATIONS = YES;
				CLANG_WARN_DIRECT_OBJC_ISA_USAGE = YES_ERROR;
				CLANG_WARN_DOCUMENTATION_COMMENTS = YES;
				CLANG_WARN_EMPTY_BODY = YES;
				CLANG_WARN_ENUM_CONVERSION = YES;
				CLANG_WARN_INFINITE_RECURSION = YES;
				CLANG_WARN_INT_CONVERSION = YES;
				CLANG_WARN_NON_LITERAL_NULL_CONVERSION = YES;
				CLANG_WARN_OBJC_IMPLICIT_RETAIN_SELF = YES;
				CLANG_WARN_OBJC_LITERAL_CONVERSION = YES;
				CLANG_WARN_OBJC_ROOT_CLASS = YES_ERROR;
				CLANG_WARN_RANGE_LOOP_ANALYSIS = YES;
				CLANG_WARN_STRICT_PROTOTYPES = YES;
				CLANG_WARN_SUSPICIOUS_MOVE = YES;
				CLANG_WARN_UNGUARDED_AVAILABILITY = YES_AGGRESSIVE;
				CLANG_WARN_UNREACHABLE_CODE = YES;
				CLANG_WARN__DUPLICATE_METHOD_MATCH = YES;
				CODE_SIGN_IDENTITY = "iPhone Developer";
				COPY_PHASE_STRIP = NO;
				DEBUG_INFORMATION_FORMAT = "dwarf-with-dsym";
				ENABLE_NS_ASSERTIONS = NO;
				ENABLE_STRICT_OBJC_MSGSEND = YES;
				GCC_C_LANGUAGE_STANDARD = gnu11;
				GCC_NO_COMMON_BLOCKS = YES;
				GCC_WARN_64_TO_32_BIT_CONVERSION = YES;
				GCC_WARN_ABOUT_RETURN_TYPE = YES_ERROR;
				GCC_WARN_UNDECLARED_SELECTOR = YES;
				GCC_WARN_UNINITIALIZED_AUTOS = YES_AGGRESSIVE;
				GCC_WARN_UNUSED_FUNCTION = YES;
				GCC_WARN_UNUSED_VARIABLE = YES;
				IPHONEOS_DEPLOYMENT_TARGET = 12.2;
				MTL_ENABLE_DEBUG_INFO = NO;
				MTL_FAST_MATH = YES;
				SDKROOT = iphoneos;
				SWIFT_COMPILATION_MODE = wholemodule;
				SWIFT_OPTIMIZATION_LEVEL = "-O";
				VALIDATE_PRODUCT = YES;
			};
			name = Release;
		};
		3DB9FEBC22962B6B0057E46B /* Debug */ = {
			isa = XCBuildConfiguration;
			buildSettings = {
				ASSETCATALOG_COMPILER_APPICON_NAME = AppIcon;
				CODE_SIGN_STYLE = Automatic;
				DEVELOPMENT_TEAM = 5W7CU97HPW;
				INFOPLIST_FILE = dropdown_test/Info.plist;
				LD_RUNPATH_SEARCH_PATHS = (
					"$(inherited)",
					"@executable_path/Frameworks",
				);
				PRODUCT_BUNDLE_IDENTIFIER = "space.williamdu.dropdown-test";
				PRODUCT_NAME = "$(TARGET_NAME)";
				SWIFT_VERSION = 5.0;
				TARGETED_DEVICE_FAMILY = "1,2";
			};
			name = Debug;
		};
		3DB9FEBD22962B6B0057E46B /* Release */ = {
			isa = XCBuildConfiguration;
			buildSettings = {
				ASSETCATALOG_COMPILER_APPICON_NAME = AppIcon;
				CODE_SIGN_STYLE = Automatic;
				DEVELOPMENT_TEAM = 5W7CU97HPW;
				INFOPLIST_FILE = dropdown_test/Info.plist;
				LD_RUNPATH_SEARCH_PATHS = (
					"$(inherited)",
					"@executable_path/Frameworks",
				);
				PRODUCT_BUNDLE_IDENTIFIER = "space.williamdu.dropdown-test";
				PRODUCT_NAME = "$(TARGET_NAME)";
				SWIFT_VERSION = 5.0;
				TARGETED_DEVICE_FAMILY = "1,2";
			};
			name = Release;
		};
		3DB9FEBF22962B6B0057E46B /* Debug */ = {
			isa = XCBuildConfiguration;
			buildSettings = {
				ALWAYS_EMBED_SWIFT_STANDARD_LIBRARIES = YES;
				BUNDLE_LOADER = "$(TEST_HOST)";
				CODE_SIGN_STYLE = Automatic;
				DEVELOPMENT_TEAM = 5W7CU97HPW;
				INFOPLIST_FILE = dropdown_testTests/Info.plist;
				LD_RUNPATH_SEARCH_PATHS = (
					"$(inherited)",
					"@executable_path/Frameworks",
					"@loader_path/Frameworks",
				);
				PRODUCT_BUNDLE_IDENTIFIER = "space.williamdu.dropdown-testTests";
				PRODUCT_NAME = "$(TARGET_NAME)";
				SWIFT_VERSION = 5.0;
				TARGETED_DEVICE_FAMILY = "1,2";
				TEST_HOST = "$(BUILT_PRODUCTS_DIR)/dropdown_test.app/dropdown_test";
			};
			name = Debug;
		};
		3DB9FEC022962B6B0057E46B /* Release */ = {
			isa = XCBuildConfiguration;
			buildSettings = {
				ALWAYS_EMBED_SWIFT_STANDARD_LIBRARIES = YES;
				BUNDLE_LOADER = "$(TEST_HOST)";
				CODE_SIGN_STYLE = Automatic;
				DEVELOPMENT_TEAM = 5W7CU97HPW;
				INFOPLIST_FILE = dropdown_testTests/Info.plist;
				LD_RUNPATH_SEARCH_PATHS = (
					"$(inherited)",
					"@executable_path/Frameworks",
					"@loader_path/Frameworks",
				);
				PRODUCT_BUNDLE_IDENTIFIER = "space.williamdu.dropdown-testTests";
				PRODUCT_NAME = "$(TARGET_NAME)";
				SWIFT_VERSION = 5.0;
				TARGETED_DEVICE_FAMILY = "1,2";
				TEST_HOST = "$(BUILT_PRODUCTS_DIR)/dropdown_test.app/dropdown_test";
			};
			name = Release;
		};
		3DB9FEC222962B6B0057E46B /* Debug */ = {
			isa = XCBuildConfiguration;
			buildSettings = {
				ALWAYS_EMBED_SWIFT_STANDARD_LIBRARIES = YES;
				CODE_SIGN_STYLE = Automatic;
				DEVELOPMENT_TEAM = 5W7CU97HPW;
				INFOPLIST_FILE = dropdown_testUITests/Info.plist;
				LD_RUNPATH_SEARCH_PATHS = (
					"$(inherited)",
					"@executable_path/Frameworks",
					"@loader_path/Frameworks",
				);
				PRODUCT_BUNDLE_IDENTIFIER = "space.williamdu.dropdown-testUITests";
				PRODUCT_NAME = "$(TARGET_NAME)";
				SWIFT_VERSION = 5.0;
				TARGETED_DEVICE_FAMILY = "1,2";
				TEST_TARGET_NAME = dropdown_test;
			};
			name = Debug;
		};
		3DB9FEC322962B6B0057E46B /* Release */ = {
			isa = XCBuildConfiguration;
			buildSettings = {
				ALWAYS_EMBED_SWIFT_STANDARD_LIBRARIES = YES;
				CODE_SIGN_STYLE = Automatic;
				DEVELOPMENT_TEAM = 5W7CU97HPW;
				INFOPLIST_FILE = dropdown_testUITests/Info.plist;
				LD_RUNPATH_SEARCH_PATHS = (
					"$(inherited)",
					"@executable_path/Frameworks",
					"@loader_path/Frameworks",
				);
				PRODUCT_BUNDLE_IDENTIFIER = "space.williamdu.dropdown-testUITests";
				PRODUCT_NAME = "$(TARGET_NAME)";
				SWIFT_VERSION = 5.0;
				TARGETED_DEVICE_FAMILY = "1,2";
				TEST_TARGET_NAME = dropdown_test;
			};
			name = Release;
		};
/* End XCBuildConfiguration section */

/* Begin XCConfigurationList section */
		3DB9FE8B22962B690057E46B /* Build configuration list for PBXProject "dropdown_test" */ = {
			isa = XCConfigurationList;
			buildConfigurations = (
				3DB9FEB922962B6B0057E46B /* Debug */,
				3DB9FEBA22962B6B0057E46B /* Release */,
			);
			defaultConfigurationIsVisible = 0;
			defaultConfigurationName = Release;
		};
		3DB9FEBB22962B6B0057E46B /* Build configuration list for PBXNativeTarget "dropdown_test" */ = {
			isa = XCConfigurationList;
			buildConfigurations = (
				3DB9FEBC22962B6B0057E46B /* Debug */,
				3DB9FEBD22962B6B0057E46B /* Release */,
			);
			defaultConfigurationIsVisible = 0;
			defaultConfigurationName = Release;
		};
		3DB9FEBE22962B6B0057E46B /* Build configuration list for PBXNativeTarget "dropdown_testTests" */ = {
			isa = XCConfigurationList;
			buildConfigurations = (
				3DB9FEBF22962B6B0057E46B /* Debug */,
				3DB9FEC022962B6B0057E46B /* Release */,
			);
			defaultConfigurationIsVisible = 0;
			defaultConfigurationName = Release;
		};
		3DB9FEC122962B6B0057E46B /* Build configuration list for PBXNativeTarget "dropdown_testUITests" */ = {
			isa = XCConfigurationList;
			buildConfigurations = (
				3DB9FEC222962B6B0057E46B /* Debug */,
				3DB9FEC322962B6B0057E46B /* Release */,
			);
			defaultConfigurationIsVisible = 0;
			defaultConfigurationName = Release;
		};
/* End XCConfigurationList section */

/* Begin XCVersionGroup section */
		3DB9FE9A22962B690057E46B /* dropdown_test.xcdatamodeld */ = {
			isa = XCVersionGroup;
			children = (
				3DB9FE9B22962B690057E46B /* dropdown_test.xcdatamodel */,
			);
			currentVersion = 3DB9FE9B22962B690057E46B /* dropdown_test.xcdatamodel */;
			path = dropdown_test.xcdatamodeld;
			sourceTree = "<group>";
			versionGroupType = wrapper.xcdatamodel;
		};
/* End XCVersionGroup section */
	};
	rootObject = 3DB9FE8822962B690057E46B /* Project object */;
}
