// !$*UTF8*$!
{
	archiveVersion = 1;
	classes = {
	};
	objectVersion = 48;
	objects = {

/* Begin PBXBuildFile section */
		3D008CF020CAF73100E15687 /* StationInformationViewController.swift in Sources */ = {isa = PBXBuildFile; fileRef = 3D008CEF20CAF73100E15687 /* StationInformationViewController.swift */; };
		3D04B9E820D8BC220062C69D /* BottomDetailViewController.swift in Sources */ = {isa = PBXBuildFile; fileRef = 3D04B9E620D8BC220062C69D /* BottomDetailViewController.swift */; };
		3D04B9E920D8BC220062C69D /* BottomDetailViewController.xib in Resources */ = {isa = PBXBuildFile; fileRef = 3D04B9E720D8BC220062C69D /* BottomDetailViewController.xib */; };
		3D050CD81F3461280077340B /* DetailTableViewController.swift in Sources */ = {isa = PBXBuildFile; fileRef = 3D050CD71F3461280077340B /* DetailTableViewController.swift */; };
		3D28264E216F981900F35F82 /* EmptyCell.swift in Sources */ = {isa = PBXBuildFile; fileRef = 3D28264D216F981900F35F82 /* EmptyCell.swift */; };
		3D38F3821F26E44A00E05B75 /* AppDelegate.swift in Sources */ = {isa = PBXBuildFile; fileRef = 3D38F3811F26E44A00E05B75 /* AppDelegate.swift */; };
		3D38F3841F26E44A00E05B75 /* ViewController.swift in Sources */ = {isa = PBXBuildFile; fileRef = 3D38F3831F26E44A00E05B75 /* ViewController.swift */; };
		3D38F3871F26E44A00E05B75 /* Main.storyboard in Resources */ = {isa = PBXBuildFile; fileRef = 3D38F3851F26E44A00E05B75 /* Main.storyboard */; };
		3D38F38A1F26E44A00E05B75 /* transitApp.xcdatamodeld in Sources */ = {isa = PBXBuildFile; fileRef = 3D38F3881F26E44A00E05B75 /* transitApp.xcdatamodeld */; };
		3D38F38C1F26E44A00E05B75 /* Assets.xcassets in Resources */ = {isa = PBXBuildFile; fileRef = 3D38F38B1F26E44A00E05B75 /* Assets.xcassets */; };
		3D38F38F1F26E44A00E05B75 /* LaunchScreen.storyboard in Resources */ = {isa = PBXBuildFile; fileRef = 3D38F38D1F26E44A00E05B75 /* LaunchScreen.storyboard */; };
		3D38F39A1F26E44A00E05B75 /* transitAppTests.swift in Sources */ = {isa = PBXBuildFile; fileRef = 3D38F3991F26E44A00E05B75 /* transitAppTests.swift */; };
		3D38F3A51F26E44A00E05B75 /* transitAppUITests.swift in Sources */ = {isa = PBXBuildFile; fileRef = 3D38F3A41F26E44A00E05B75 /* transitAppUITests.swift */; };
		3D4CECB620C9B191000A845F /* Extensions.swift in Sources */ = {isa = PBXBuildFile; fileRef = 3D4CECB520C9B191000A845F /* Extensions.swift */; };
		3D4CECBD20C9B6E9000A845F /* NotificationCenter.framework in Frameworks */ = {isa = PBXBuildFile; fileRef = 3D4CECBC20C9B6E9000A845F /* NotificationCenter.framework */; };
		3D4CECC020C9B6EA000A845F /* TodayViewController.swift in Sources */ = {isa = PBXBuildFile; fileRef = 3D4CECBF20C9B6EA000A845F /* TodayViewController.swift */; };
		3D4CECC320C9B6EA000A845F /* MainInterface.storyboard in Resources */ = {isa = PBXBuildFile; fileRef = 3D4CECC120C9B6EA000A845F /* MainInterface.storyboard */; };
		3D4CECC720C9B6EA000A845F /* transitApp_widget.appex in Embed App Extensions */ = {isa = PBXBuildFile; fileRef = 3D4CECBB20C9B6E9000A845F /* transitApp_widget.appex */; settings = {ATTRIBUTES = (RemoveHeadersOnCopy, ); }; };
		3D52CC9E1F2B234800591583 /* CustomCell.swift in Sources */ = {isa = PBXBuildFile; fileRef = 3D52CC9D1F2B234800591583 /* CustomCell.swift */; };
		3D52CCA01F2B910500591583 /* timeTable.swift in Sources */ = {isa = PBXBuildFile; fileRef = 3D52CC9F1F2B910500591583 /* timeTable.swift */; };
		3D7020681F3475F6004B308D /* DetailCell.swift in Sources */ = {isa = PBXBuildFile; fileRef = 3D7020671F3475F6004B308D /* DetailCell.swift */; };
		3D72BD1E1F270CF800D7039D /* MapKit.framework in Frameworks */ = {isa = PBXBuildFile; fileRef = 3D72BD1D1F270CF800D7039D /* MapKit.framework */; };
		3DA3093B205627550066C936 /* ScheduleInit.swift in Sources */ = {isa = PBXBuildFile; fileRef = 3DA3093A205627550066C936 /* ScheduleInit.swift */; };
		3DA3093D205636AB0066C936 /* mapViewController.swift in Sources */ = {isa = PBXBuildFile; fileRef = 3DA3093C205636AB0066C936 /* mapViewController.swift */; };
		3DB617062171935700EB8937 /* SettingsTableViewController.swift in Sources */ = {isa = PBXBuildFile; fileRef = 3DB617052171935700EB8937 /* SettingsTableViewController.swift */; };
		3DB6170B2171B74400EB8937 /* InfoPlist.strings in Resources */ = {isa = PBXBuildFile; fileRef = 3DB6170D2171B74400EB8937 /* InfoPlist.strings */; };
		3DC4EEF4216DC18900AEAC42 /* Localizable.strings in Resources */ = {isa = PBXBuildFile; fileRef = 3DC4EEF6216DC18900AEAC42 /* Localizable.strings */; };
		3DD9583B1F321F0B0012D620 /* train.swift in Sources */ = {isa = PBXBuildFile; fileRef = 3DD9583A1F321F0B0012D620 /* train.swift */; };
		3DE51CD520C65C4F002E6DFE /* CustomAnnotationCalloutXib.xib in Resources */ = {isa = PBXBuildFile; fileRef = 3DE51CD420C65C4F002E6DFE /* CustomAnnotationCalloutXib.xib */; };
		3DE51D1620C71BDB002E6DFE /* CustomCalloutView.swift in Sources */ = {isa = PBXBuildFile; fileRef = 3DE51D1520C71BDB002E6DFE /* CustomCalloutView.swift */; };
		3DE51D5520C7B9D2002E6DFE /* CDTestViewController.swift in Sources */ = {isa = PBXBuildFile; fileRef = 3DE51D5420C7B9D2002E6DFE /* CDTestViewController.swift */; };
/* End PBXBuildFile section */

/* Begin PBXContainerItemProxy section */
		3D38F3961F26E44A00E05B75 /* PBXContainerItemProxy */ = {
			isa = PBXContainerItemProxy;
			containerPortal = 3D38F3761F26E44A00E05B75 /* Project object */;
			proxyType = 1;
			remoteGlobalIDString = 3D38F37D1F26E44A00E05B75;
			remoteInfo = transitApp;
		};
		3D38F3A11F26E44A00E05B75 /* PBXContainerItemProxy */ = {
			isa = PBXContainerItemProxy;
			containerPortal = 3D38F3761F26E44A00E05B75 /* Project object */;
			proxyType = 1;
			remoteGlobalIDString = 3D38F37D1F26E44A00E05B75;
			remoteInfo = transitApp;
		};
		3D4CECC520C9B6EA000A845F /* PBXContainerItemProxy */ = {
			isa = PBXContainerItemProxy;
			containerPortal = 3D38F3761F26E44A00E05B75 /* Project object */;
			proxyType = 1;
			remoteGlobalIDString = 3D4CECBA20C9B6E9000A845F;
			remoteInfo = transitApp_widget;
		};
/* End PBXContainerItemProxy section */

/* Begin PBXCopyFilesBuildPhase section */
		3D4CECCB20C9B6EA000A845F /* Embed App Extensions */ = {
			isa = PBXCopyFilesBuildPhase;
			buildActionMask = 2147483647;
			dstPath = "";
			dstSubfolderSpec = 13;
			files = (
				3D4CECC720C9B6EA000A845F /* transitApp_widget.appex in Embed App Extensions */,
			);
			name = "Embed App Extensions";
			runOnlyForDeploymentPostprocessing = 0;
		};
/* End PBXCopyFilesBuildPhase section */

/* Begin PBXFileReference section */
		3D008CEF20CAF73100E15687 /* StationInformationViewController.swift */ = {isa = PBXFileReference; lastKnownFileType = sourcecode.swift; path = StationInformationViewController.swift; sourceTree = "<group>"; };
		3D04B9E620D8BC220062C69D /* BottomDetailViewController.swift */ = {isa = PBXFileReference; lastKnownFileType = sourcecode.swift; path = BottomDetailViewController.swift; sourceTree = "<group>"; };
		3D04B9E720D8BC220062C69D /* BottomDetailViewController.xib */ = {isa = PBXFileReference; lastKnownFileType = file.xib; path = BottomDetailViewController.xib; sourceTree = "<group>"; };
		3D050CD71F3461280077340B /* DetailTableViewController.swift */ = {isa = PBXFileReference; lastKnownFileType = sourcecode.swift; path = DetailTableViewController.swift; sourceTree = "<group>"; };
		3D28264D216F981900F35F82 /* EmptyCell.swift */ = {isa = PBXFileReference; lastKnownFileType = sourcecode.swift; path = EmptyCell.swift; sourceTree = "<group>"; };
		3D38F37E1F26E44A00E05B75 /* transitApp.app */ = {isa = PBXFileReference; explicitFileType = wrapper.application; includeInIndex = 0; path = transitApp.app; sourceTree = BUILT_PRODUCTS_DIR; };
		3D38F3811F26E44A00E05B75 /* AppDelegate.swift */ = {isa = PBXFileReference; lastKnownFileType = sourcecode.swift; path = AppDelegate.swift; sourceTree = "<group>"; };
		3D38F3831F26E44A00E05B75 /* ViewController.swift */ = {isa = PBXFileReference; lastKnownFileType = sourcecode.swift; path = ViewController.swift; sourceTree = "<group>"; };
		3D38F3861F26E44A00E05B75 /* Base */ = {isa = PBXFileReference; lastKnownFileType = file.storyboard; name = Base; path = Base.lproj/Main.storyboard; sourceTree = "<group>"; };
		3D38F3891F26E44A00E05B75 /* transitApp.xcdatamodel */ = {isa = PBXFileReference; lastKnownFileType = wrapper.xcdatamodel; path = transitApp.xcdatamodel; sourceTree = "<group>"; };
		3D38F38B1F26E44A00E05B75 /* Assets.xcassets */ = {isa = PBXFileReference; lastKnownFileType = folder.assetcatalog; path = Assets.xcassets; sourceTree = "<group>"; };
		3D38F38E1F26E44A00E05B75 /* Base */ = {isa = PBXFileReference; lastKnownFileType = file.storyboard; name = Base; path = Base.lproj/LaunchScreen.storyboard; sourceTree = "<group>"; };
		3D38F3901F26E44A00E05B75 /* Info.plist */ = {isa = PBXFileReference; lastKnownFileType = text.plist.xml; path = Info.plist; sourceTree = "<group>"; };
		3D38F3951F26E44A00E05B75 /* transitAppTests.xctest */ = {isa = PBXFileReference; explicitFileType = wrapper.cfbundle; includeInIndex = 0; path = transitAppTests.xctest; sourceTree = BUILT_PRODUCTS_DIR; };
		3D38F3991F26E44A00E05B75 /* transitAppTests.swift */ = {isa = PBXFileReference; lastKnownFileType = sourcecode.swift; path = transitAppTests.swift; sourceTree = "<group>"; };
		3D38F39B1F26E44A00E05B75 /* Info.plist */ = {isa = PBXFileReference; lastKnownFileType = text.plist.xml; path = Info.plist; sourceTree = "<group>"; };
		3D38F3A01F26E44A00E05B75 /* transitAppUITests.xctest */ = {isa = PBXFileReference; explicitFileType = wrapper.cfbundle; includeInIndex = 0; path = transitAppUITests.xctest; sourceTree = BUILT_PRODUCTS_DIR; };
		3D38F3A41F26E44A00E05B75 /* transitAppUITests.swift */ = {isa = PBXFileReference; lastKnownFileType = sourcecode.swift; path = transitAppUITests.swift; sourceTree = "<group>"; };
		3D38F3A61F26E44A00E05B75 /* Info.plist */ = {isa = PBXFileReference; lastKnownFileType = text.plist.xml; path = Info.plist; sourceTree = "<group>"; };
		3D4CECB520C9B191000A845F /* Extensions.swift */ = {isa = PBXFileReference; lastKnownFileType = sourcecode.swift; path = Extensions.swift; sourceTree = "<group>"; };
		3D4CECBB20C9B6E9000A845F /* transitApp_widget.appex */ = {isa = PBXFileReference; explicitFileType = "wrapper.app-extension"; includeInIndex = 0; path = transitApp_widget.appex; sourceTree = BUILT_PRODUCTS_DIR; };
		3D4CECBC20C9B6E9000A845F /* NotificationCenter.framework */ = {isa = PBXFileReference; lastKnownFileType = wrapper.framework; name = NotificationCenter.framework; path = System/Library/Frameworks/NotificationCenter.framework; sourceTree = SDKROOT; };
		3D4CECBF20C9B6EA000A845F /* TodayViewController.swift */ = {isa = PBXFileReference; lastKnownFileType = sourcecode.swift; path = TodayViewController.swift; sourceTree = "<group>"; };
		3D4CECC220C9B6EA000A845F /* Base */ = {isa = PBXFileReference; lastKnownFileType = file.storyboard; name = Base; path = Base.lproj/MainInterface.storyboard; sourceTree = "<group>"; };
		3D4CECC420C9B6EA000A845F /* Info.plist */ = {isa = PBXFileReference; lastKnownFileType = text.plist.xml; path = Info.plist; sourceTree = "<group>"; };
		3D52CC9D1F2B234800591583 /* CustomCell.swift */ = {isa = PBXFileReference; lastKnownFileType = sourcecode.swift; path = CustomCell.swift; sourceTree = "<group>"; };
		3D52CC9F1F2B910500591583 /* timeTable.swift */ = {isa = PBXFileReference; lastKnownFileType = sourcecode.swift; path = timeTable.swift; sourceTree = "<group>"; };
		3D5901F722283D95002F1CF5 /* zh-Hant */ = {isa = PBXFileReference; lastKnownFileType = text.plist.strings; name = "zh-Hant"; path = "zh-Hant.lproj/Main.strings"; sourceTree = "<group>"; };
		3D5901F822283D95002F1CF5 /* zh-Hant */ = {isa = PBXFileReference; lastKnownFileType = text.plist.strings; name = "zh-Hant"; path = "zh-Hant.lproj/LaunchScreen.strings"; sourceTree = "<group>"; };
		3D5901F922283D95002F1CF5 /* zh-Hant */ = {isa = PBXFileReference; lastKnownFileType = text.plist.strings; name = "zh-Hant"; path = "zh-Hant.lproj/MainInterface.strings"; sourceTree = "<group>"; };
		3D5901FB22283D96002F1CF5 /* zh-Hant */ = {isa = PBXFileReference; lastKnownFileType = text.plist.strings; name = "zh-Hant"; path = "zh-Hant.lproj/InfoPlist.strings"; sourceTree = "<group>"; };
		3D5901FC22283DE2002F1CF5 /* zh-Hant */ = {isa = PBXFileReference; lastKnownFileType = text.plist.strings; name = "zh-Hant"; path = "zh-Hant.lproj/Localizable.strings"; sourceTree = "<group>"; };
		3D7020671F3475F6004B308D /* DetailCell.swift */ = {isa = PBXFileReference; lastKnownFileType = sourcecode.swift; path = DetailCell.swift; sourceTree = "<group>"; };
		3D72BD1D1F270CF800D7039D /* MapKit.framework */ = {isa = PBXFileReference; lastKnownFileType = wrapper.framework; name = MapKit.framework; path = System/Library/Frameworks/MapKit.framework; sourceTree = SDKROOT; };
		3DA3093A205627550066C936 /* ScheduleInit.swift */ = {isa = PBXFileReference; lastKnownFileType = sourcecode.swift; path = ScheduleInit.swift; sourceTree = "<group>"; };
		3DA3093C205636AB0066C936 /* mapViewController.swift */ = {isa = PBXFileReference; lastKnownFileType = sourcecode.swift; path = mapViewController.swift; sourceTree = "<group>"; };
		3DB617052171935700EB8937 /* SettingsTableViewController.swift */ = {isa = PBXFileReference; lastKnownFileType = sourcecode.swift; path = SettingsTableViewController.swift; sourceTree = "<group>"; };
		3DB6170C2171B74400EB8937 /* zh-Hans */ = {isa = PBXFileReference; lastKnownFileType = text.plist.strings; name = "zh-Hans"; path = "zh-Hans.lproj/InfoPlist.strings"; sourceTree = "<group>"; };
		3DB6170E2171B78F00EB8937 /* en */ = {isa = PBXFileReference; lastKnownFileType = text.plist.strings; name = en; path = en.lproj/InfoPlist.strings; sourceTree = "<group>"; };
		3DC4EEEF216DC13300AEAC42 /* zh-Hans */ = {isa = PBXFileReference; lastKnownFileType = text.plist.strings; name = "zh-Hans"; path = "zh-Hans.lproj/Main.strings"; sourceTree = "<group>"; };
		3DC4EEF0216DC13400AEAC42 /* zh-Hans */ = {isa = PBXFileReference; lastKnownFileType = text.plist.strings; name = "zh-Hans"; path = "zh-Hans.lproj/LaunchScreen.strings"; sourceTree = "<group>"; };
		3DC4EEF1216DC13400AEAC42 /* zh-Hans */ = {isa = PBXFileReference; lastKnownFileType = text.plist.strings; name = "zh-Hans"; path = "zh-Hans.lproj/MainInterface.strings"; sourceTree = "<group>"; };
		3DC4EEF5216DC18900AEAC42 /* zh-Hans */ = {isa = PBXFileReference; lastKnownFileType = text.plist.strings; name = "zh-Hans"; path = "zh-Hans.lproj/Localizable.strings"; sourceTree = "<group>"; };
		3DD9583A1F321F0B0012D620 /* train.swift */ = {isa = PBXFileReference; lastKnownFileType = sourcecode.swift; path = train.swift; sourceTree = "<group>"; };
		3DE51CD420C65C4F002E6DFE /* CustomAnnotationCalloutXib.xib */ = {isa = PBXFileReference; lastKnownFileType = file.xib; path = CustomAnnotationCalloutXib.xib; sourceTree = "<group>"; };
		3DE51D1520C71BDB002E6DFE /* CustomCalloutView.swift */ = {isa = PBXFileReference; lastKnownFileType = sourcecode.swift; path = CustomCalloutView.swift; sourceTree = "<group>"; };
		3DE51D5420C7B9D2002E6DFE /* CDTestViewController.swift */ = {isa = PBXFileReference; lastKnownFileType = sourcecode.swift; path = CDTestViewController.swift; sourceTree = "<group>"; };
/* End PBXFileReference section */

/* Begin PBXFrameworksBuildPhase section */
		3D38F37B1F26E44A00E05B75 /* Frameworks */ = {
			isa = PBXFrameworksBuildPhase;
			buildActionMask = 2147483647;
			files = (
				3D72BD1E1F270CF800D7039D /* MapKit.framework in Frameworks */,
			);
			runOnlyForDeploymentPostprocessing = 0;
		};
		3D38F3921F26E44A00E05B75 /* Frameworks */ = {
			isa = PBXFrameworksBuildPhase;
			buildActionMask = 2147483647;
			files = (
			);
			runOnlyForDeploymentPostprocessing = 0;
		};
		3D38F39D1F26E44A00E05B75 /* Frameworks */ = {
			isa = PBXFrameworksBuildPhase;
			buildActionMask = 2147483647;
			files = (
			);
			runOnlyForDeploymentPostprocessing = 0;
		};
		3D4CECB820C9B6E9000A845F /* Frameworks */ = {
			isa = PBXFrameworksBuildPhase;
			buildActionMask = 2147483647;
			files = (
				3D4CECBD20C9B6E9000A845F /* NotificationCenter.framework in Frameworks */,
			);
			runOnlyForDeploymentPostprocessing = 0;
		};
/* End PBXFrameworksBuildPhase section */

/* Begin PBXGroup section */
		3D38F3751F26E44A00E05B75 = {
			isa = PBXGroup;
			children = (
				3D38F3801F26E44A00E05B75 /* transitApp */,
				3D38F3981F26E44A00E05B75 /* transitAppTests */,
				3D38F3A31F26E44A00E05B75 /* transitAppUITests */,
				3D4CECBE20C9B6E9000A845F /* transitApp_widget */,
				3D38F37F1F26E44A00E05B75 /* Products */,
				3D72BD1C1F270CF800D7039D /* Frameworks */,
			);
			sourceTree = "<group>";
		};
		3D38F37F1F26E44A00E05B75 /* Products */ = {
			isa = PBXGroup;
			children = (
				3D38F37E1F26E44A00E05B75 /* transitApp.app */,
				3D38F3951F26E44A00E05B75 /* transitAppTests.xctest */,
				3D38F3A01F26E44A00E05B75 /* transitAppUITests.xctest */,
				3D4CECBB20C9B6E9000A845F /* transitApp_widget.appex */,
			);
			name = Products;
			sourceTree = "<group>";
		};
		3D38F3801F26E44A00E05B75 /* transitApp */ = {
			isa = PBXGroup;
			children = (
				3D38F3811F26E44A00E05B75 /* AppDelegate.swift */,
				3D38F3831F26E44A00E05B75 /* ViewController.swift */,
				3D38F3851F26E44A00E05B75 /* Main.storyboard */,
				3D38F38B1F26E44A00E05B75 /* Assets.xcassets */,
				3D38F38D1F26E44A00E05B75 /* LaunchScreen.storyboard */,
				3D38F3901F26E44A00E05B75 /* Info.plist */,
				3D38F3881F26E44A00E05B75 /* transitApp.xcdatamodeld */,
				3D52CC9D1F2B234800591583 /* CustomCell.swift */,
				3D28264D216F981900F35F82 /* EmptyCell.swift */,
				3D52CC9F1F2B910500591583 /* timeTable.swift */,
				3DD9583A1F321F0B0012D620 /* train.swift */,
				3D050CD71F3461280077340B /* DetailTableViewController.swift */,
				3D7020671F3475F6004B308D /* DetailCell.swift */,
				3DA3093A205627550066C936 /* ScheduleInit.swift */,
				3DA3093C205636AB0066C936 /* mapViewController.swift */,
				3DE51CD420C65C4F002E6DFE /* CustomAnnotationCalloutXib.xib */,
				3DE51D1520C71BDB002E6DFE /* CustomCalloutView.swift */,
				3DE51D5420C7B9D2002E6DFE /* CDTestViewController.swift */,
				3D4CECB520C9B191000A845F /* Extensions.swift */,
				3D008CEF20CAF73100E15687 /* StationInformationViewController.swift */,
				3D04B9E620D8BC220062C69D /* BottomDetailViewController.swift */,
				3D04B9E720D8BC220062C69D /* BottomDetailViewController.xib */,
				3DC4EEF6216DC18900AEAC42 /* Localizable.strings */,
				3DB617052171935700EB8937 /* SettingsTableViewController.swift */,
				3DB6170D2171B74400EB8937 /* InfoPlist.strings */,
			);
			path = transitApp;
			sourceTree = "<group>";
		};
		3D38F3981F26E44A00E05B75 /* transitAppTests */ = {
			isa = PBXGroup;
			children = (
				3D38F3991F26E44A00E05B75 /* transitAppTests.swift */,
				3D38F39B1F26E44A00E05B75 /* Info.plist */,
			);
			path = transitAppTests;
			sourceTree = "<group>";
		};
		3D38F3A31F26E44A00E05B75 /* transitAppUITests */ = {
			isa = PBXGroup;
			children = (
				3D38F3A41F26E44A00E05B75 /* transitAppUITests.swift */,
				3D38F3A61F26E44A00E05B75 /* Info.plist */,
			);
			path = transitAppUITests;
			sourceTree = "<group>";
		};
		3D4CECBE20C9B6E9000A845F /* transitApp_widget */ = {
			isa = PBXGroup;
			children = (
				3D4CECBF20C9B6EA000A845F /* TodayViewController.swift */,
				3D4CECC120C9B6EA000A845F /* MainInterface.storyboard */,
				3D4CECC420C9B6EA000A845F /* Info.plist */,
			);
			path = transitApp_widget;
			sourceTree = "<group>";
		};
		3D72BD1C1F270CF800D7039D /* Frameworks */ = {
			isa = PBXGroup;
			children = (
				3D72BD1D1F270CF800D7039D /* MapKit.framework */,
				3D4CECBC20C9B6E9000A845F /* NotificationCenter.framework */,
			);
			name = Frameworks;
			sourceTree = "<group>";
		};
/* End PBXGroup section */

/* Begin PBXNativeTarget section */
		3D38F37D1F26E44A00E05B75 /* transitApp */ = {
			isa = PBXNativeTarget;
			buildConfigurationList = 3D38F3A91F26E44A00E05B75 /* Build configuration list for PBXNativeTarget "transitApp" */;
			buildPhases = (
				3D38F37A1F26E44A00E05B75 /* Sources */,
				3D38F37B1F26E44A00E05B75 /* Frameworks */,
				3D38F37C1F26E44A00E05B75 /* Resources */,
				3D4CECCB20C9B6EA000A845F /* Embed App Extensions */,
			);
			buildRules = (
			);
			dependencies = (
				3D4CECC620C9B6EA000A845F /* PBXTargetDependency */,
			);
			name = transitApp;
			productName = transitApp;
			productReference = 3D38F37E1F26E44A00E05B75 /* transitApp.app */;
			productType = "com.apple.product-type.application";
		};
		3D38F3941F26E44A00E05B75 /* transitAppTests */ = {
			isa = PBXNativeTarget;
			buildConfigurationList = 3D38F3AC1F26E44A00E05B75 /* Build configuration list for PBXNativeTarget "transitAppTests" */;
			buildPhases = (
				3D38F3911F26E44A00E05B75 /* Sources */,
				3D38F3921F26E44A00E05B75 /* Frameworks */,
				3D38F3931F26E44A00E05B75 /* Resources */,
			);
			buildRules = (
			);
			dependencies = (
				3D38F3971F26E44A00E05B75 /* PBXTargetDependency */,
			);
			name = transitAppTests;
			productName = transitAppTests;
			productReference = 3D38F3951F26E44A00E05B75 /* transitAppTests.xctest */;
			productType = "com.apple.product-type.bundle.unit-test";
		};
		3D38F39F1F26E44A00E05B75 /* transitAppUITests */ = {
			isa = PBXNativeTarget;
			buildConfigurationList = 3D38F3AF1F26E44A00E05B75 /* Build configuration list for PBXNativeTarget "transitAppUITests" */;
			buildPhases = (
				3D38F39C1F26E44A00E05B75 /* Sources */,
				3D38F39D1F26E44A00E05B75 /* Frameworks */,
				3D38F39E1F26E44A00E05B75 /* Resources */,
			);
			buildRules = (
			);
			dependencies = (
				3D38F3A21F26E44A00E05B75 /* PBXTargetDependency */,
			);
			name = transitAppUITests;
			productName = transitAppUITests;
			productReference = 3D38F3A01F26E44A00E05B75 /* transitAppUITests.xctest */;
			productType = "com.apple.product-type.bundle.ui-testing";
		};
		3D4CECBA20C9B6E9000A845F /* transitApp_widget */ = {
			isa = PBXNativeTarget;
			buildConfigurationList = 3D4CECC820C9B6EA000A845F /* Build configuration list for PBXNativeTarget "transitApp_widget" */;
			buildPhases = (
				3D4CECB720C9B6E9000A845F /* Sources */,
				3D4CECB820C9B6E9000A845F /* Frameworks */,
				3D4CECB920C9B6E9000A845F /* Resources */,
			);
			buildRules = (
			);
			dependencies = (
			);
			name = transitApp_widget;
			productName = transitApp_widget;
			productReference = 3D4CECBB20C9B6E9000A845F /* transitApp_widget.appex */;
			productType = "com.apple.product-type.app-extension";
		};
/* End PBXNativeTarget section */

/* Begin PBXProject section */
		3D38F3761F26E44A00E05B75 /* Project object */ = {
			isa = PBXProject;
			attributes = {
				LastSwiftUpdateCheck = 0940;
				LastUpgradeCheck = 0940;
				ORGANIZATIONNAME = "William Du";
				TargetAttributes = {
					3D38F37D1F26E44A00E05B75 = {
						CreatedOnToolsVersion = 9.0;
						LastSwiftMigration = 1020;
						SystemCapabilities = {
							com.apple.Maps.iOS = {
								enabled = 1;
							};
						};
					};
					3D38F3941F26E44A00E05B75 = {
						CreatedOnToolsVersion = 9.0;
						LastSwiftMigration = 1020;
						TestTargetID = 3D38F37D1F26E44A00E05B75;
					};
					3D38F39F1F26E44A00E05B75 = {
						CreatedOnToolsVersion = 9.0;
						LastSwiftMigration = 1020;
						TestTargetID = 3D38F37D1F26E44A00E05B75;
					};
					3D4CECBA20C9B6E9000A845F = {
						CreatedOnToolsVersion = 9.4;
						LastSwiftMigration = 1020;
						ProvisioningStyle = Automatic;
					};
				};
			};
			buildConfigurationList = 3D38F3791F26E44A00E05B75 /* Build configuration list for PBXProject "transitApp" */;
			compatibilityVersion = "Xcode 8.0";
			developmentRegion = en;
			hasScannedForEncodings = 0;
			knownRegions = (
				en,
				Base,
				"zh-Hant",
				"zh-Hans",
			);
			mainGroup = 3D38F3751F26E44A00E05B75;
			productRefGroup = 3D38F37F1F26E44A00E05B75 /* Products */;
			projectDirPath = "";
			projectRoot = "";
			targets = (
				3D38F37D1F26E44A00E05B75 /* transitApp */,
				3D38F3941F26E44A00E05B75 /* transitAppTests */,
				3D38F39F1F26E44A00E05B75 /* transitAppUITests */,
				3D4CECBA20C9B6E9000A845F /* transitApp_widget */,
			);
		};
/* End PBXProject section */

/* Begin PBXResourcesBuildPhase section */
		3D38F37C1F26E44A00E05B75 /* Resources */ = {
			isa = PBXResourcesBuildPhase;
			buildActionMask = 2147483647;
			files = (
				3D04B9E920D8BC220062C69D /* BottomDetailViewController.xib in Resources */,
				3DB6170B2171B74400EB8937 /* InfoPlist.strings in Resources */,
				3DC4EEF4216DC18900AEAC42 /* Localizable.strings in Resources */,
				3DE51CD520C65C4F002E6DFE /* CustomAnnotationCalloutXib.xib in Resources */,
				3D38F38F1F26E44A00E05B75 /* LaunchScreen.storyboard in Resources */,
				3D38F38C1F26E44A00E05B75 /* Assets.xcassets in Resources */,
				3D38F3871F26E44A00E05B75 /* Main.storyboard in Resources */,
			);
			runOnlyForDeploymentPostprocessing = 0;
		};
		3D38F3931F26E44A00E05B75 /* Resources */ = {
			isa = PBXResourcesBuildPhase;
			buildActionMask = 2147483647;
			files = (
			);
			runOnlyForDeploymentPostprocessing = 0;
		};
		3D38F39E1F26E44A00E05B75 /* Resources */ = {
			isa = PBXResourcesBuildPhase;
			buildActionMask = 2147483647;
			files = (
			);
			runOnlyForDeploymentPostprocessing = 0;
		};
		3D4CECB920C9B6E9000A845F /* Resources */ = {
			isa = PBXResourcesBuildPhase;
			buildActionMask = 2147483647;
			files = (
				3D4CECC320C9B6EA000A845F /* MainInterface.storyboard in Resources */,
			);
			runOnlyForDeploymentPostprocessing = 0;
		};
/* End PBXResourcesBuildPhase section */

/* Begin PBXSourcesBuildPhase section */
		3D38F37A1F26E44A00E05B75 /* Sources */ = {
			isa = PBXSourcesBuildPhase;
			buildActionMask = 2147483647;
			files = (
				3DE51D1620C71BDB002E6DFE /* CustomCalloutView.swift in Sources */,
				3D38F38A1F26E44A00E05B75 /* transitApp.xcdatamodeld in Sources */,
				3D52CCA01F2B910500591583 /* timeTable.swift in Sources */,
				3DA3093B205627550066C936 /* ScheduleInit.swift in Sources */,
				3D04B9E820D8BC220062C69D /* BottomDetailViewController.swift in Sources */,
				3D7020681F3475F6004B308D /* DetailCell.swift in Sources */,
				3DB617062171935700EB8937 /* SettingsTableViewController.swift in Sources */,
				3D52CC9E1F2B234800591583 /* CustomCell.swift in Sources */,
				3D050CD81F3461280077340B /* DetailTableViewController.swift in Sources */,
				3D38F3841F26E44A00E05B75 /* ViewController.swift in Sources */,
				3D28264E216F981900F35F82 /* EmptyCell.swift in Sources */,
				3DA3093D205636AB0066C936 /* mapViewController.swift in Sources */,
				3DD9583B1F321F0B0012D620 /* train.swift in Sources */,
				3D38F3821F26E44A00E05B75 /* AppDelegate.swift in Sources */,
				3DE51D5520C7B9D2002E6DFE /* CDTestViewController.swift in Sources */,
				3D4CECB620C9B191000A845F /* Extensions.swift in Sources */,
				3D008CF020CAF73100E15687 /* StationInformationViewController.swift in Sources */,
			);
			runOnlyForDeploymentPostprocessing = 0;
		};
		3D38F3911F26E44A00E05B75 /* Sources */ = {
			isa = PBXSourcesBuildPhase;
			buildActionMask = 2147483647;
			files = (
				3D38F39A1F26E44A00E05B75 /* transitAppTests.swift in Sources */,
			);
			runOnlyForDeploymentPostprocessing = 0;
		};
		3D38F39C1F26E44A00E05B75 /* Sources */ = {
			isa = PBXSourcesBuildPhase;
			buildActionMask = 2147483647;
			files = (
				3D38F3A51F26E44A00E05B75 /* transitAppUITests.swift in Sources */,
			);
			runOnlyForDeploymentPostprocessing = 0;
		};
		3D4CECB720C9B6E9000A845F /* Sources */ = {
			isa = PBXSourcesBuildPhase;
			buildActionMask = 2147483647;
			files = (
				3D4CECC020C9B6EA000A845F /* TodayViewController.swift in Sources */,
			);
			runOnlyForDeploymentPostprocessing = 0;
		};
/* End PBXSourcesBuildPhase section */

/* Begin PBXTargetDependency section */
		3D38F3971F26E44A00E05B75 /* PBXTargetDependency */ = {
			isa = PBXTargetDependency;
			target = 3D38F37D1F26E44A00E05B75 /* transitApp */;
			targetProxy = 3D38F3961F26E44A00E05B75 /* PBXContainerItemProxy */;
		};
		3D38F3A21F26E44A00E05B75 /* PBXTargetDependency */ = {
			isa = PBXTargetDependency;
			target = 3D38F37D1F26E44A00E05B75 /* transitApp */;
			targetProxy = 3D38F3A11F26E44A00E05B75 /* PBXContainerItemProxy */;
		};
		3D4CECC620C9B6EA000A845F /* PBXTargetDependency */ = {
			isa = PBXTargetDependency;
			target = 3D4CECBA20C9B6E9000A845F /* transitApp_widget */;
			targetProxy = 3D4CECC520C9B6EA000A845F /* PBXContainerItemProxy */;
		};
/* End PBXTargetDependency section */

/* Begin PBXVariantGroup section */
		3D38F3851F26E44A00E05B75 /* Main.storyboard */ = {
			isa = PBXVariantGroup;
			children = (
				3D38F3861F26E44A00E05B75 /* Base */,
				3DC4EEEF216DC13300AEAC42 /* zh-Hans */,
				3D5901F722283D95002F1CF5 /* zh-Hant */,
			);
			name = Main.storyboard;
			sourceTree = "<group>";
		};
		3D38F38D1F26E44A00E05B75 /* LaunchScreen.storyboard */ = {
			isa = PBXVariantGroup;
			children = (
				3D38F38E1F26E44A00E05B75 /* Base */,
				3DC4EEF0216DC13400AEAC42 /* zh-Hans */,
				3D5901F822283D95002F1CF5 /* zh-Hant */,
			);
			name = LaunchScreen.storyboard;
			sourceTree = "<group>";
		};
		3D4CECC120C9B6EA000A845F /* MainInterface.storyboard */ = {
			isa = PBXVariantGroup;
			children = (
				3D4CECC220C9B6EA000A845F /* Base */,
				3DC4EEF1216DC13400AEAC42 /* zh-Hans */,
				3D5901F922283D95002F1CF5 /* zh-Hant */,
			);
			name = MainInterface.storyboard;
			sourceTree = "<group>";
		};
		3DB6170D2171B74400EB8937 /* InfoPlist.strings */ = {
			isa = PBXVariantGroup;
			children = (
				3DB6170C2171B74400EB8937 /* zh-Hans */,
				3DB6170E2171B78F00EB8937 /* en */,
				3D5901FB22283D96002F1CF5 /* zh-Hant */,
			);
			name = InfoPlist.strings;
			sourceTree = "<group>";
		};
		3DC4EEF6216DC18900AEAC42 /* Localizable.strings */ = {
			isa = PBXVariantGroup;
			children = (
				3DC4EEF5216DC18900AEAC42 /* zh-Hans */,
				3D5901FC22283DE2002F1CF5 /* zh-Hant */,
			);
			name = Localizable.strings;
			sourceTree = "<group>";
		};
/* End PBXVariantGroup section */

/* Begin XCBuildConfiguration section */
		3D38F3A71F26E44A00E05B75 /* Debug */ = {
			isa = XCBuildConfiguration;
			buildSettings = {
				ALWAYS_SEARCH_USER_PATHS = NO;
				CLANG_ANALYZER_LOCALIZABILITY_NONLOCALIZED = YES;
				CLANG_ANALYZER_NONNULL = YES;
				CLANG_ANALYZER_NUMBER_OBJECT_CONVERSION = YES_AGGRESSIVE;
				CLANG_CXX_LANGUAGE_STANDARD = "gnu++14";
				CLANG_CXX_LIBRARY = "libc++";
				CLANG_ENABLE_MODULES = YES;
				CLANG_ENABLE_OBJC_ARC = YES;
				CLANG_WARN_BLOCK_CAPTURE_AUTORELEASING = YES;
				CLANG_WARN_BOOL_CONVERSION = YES;
				CLANG_WARN_COMMA = YES;
				CLANG_WARN_CONSTANT_CONVERSION = YES;
				CLANG_WARN_DEPRECATED_OBJC_IMPLEMENTATIONS = YES;
				CLANG_WARN_DIRECT_OBJC_ISA_USAGE = YES_ERROR;
				CLANG_WARN_DOCUMENTATION_COMMENTS = YES;
				CLANG_WARN_EMPTY_BODY = YES;
				CLANG_WARN_ENUM_CONVERSION = YES;
				CLANG_WARN_INFINITE_RECURSION = YES;
				CLANG_WARN_INT_CONVERSION = YES;
				CLANG_WARN_NON_LITERAL_NULL_CONVERSION = YES;
				CLANG_WARN_OBJC_IMPLICIT_RETAIN_SELF = YES;
				CLANG_WARN_OBJC_LITERAL_CONVERSION = YES;
				CLANG_WARN_OBJC_ROOT_CLASS = YES_ERROR;
				CLANG_WARN_RANGE_LOOP_ANALYSIS = YES;
				CLANG_WARN_STRICT_PROTOTYPES = YES;
				CLANG_WARN_SUSPICIOUS_MOVE = YES;
				CLANG_WARN_UNGUARDED_AVAILABILITY = YES_AGGRESSIVE;
				CLANG_WARN_UNREACHABLE_CODE = YES;
				CLANG_WARN__DUPLICATE_METHOD_MATCH = YES;
				CODE_SIGN_IDENTITY = "iPhone Developer";
				COPY_PHASE_STRIP = NO;
				DEBUG_INFORMATION_FORMAT = dwarf;
				ENABLE_STRICT_OBJC_MSGSEND = YES;
				ENABLE_TESTABILITY = YES;
				GCC_C_LANGUAGE_STANDARD = gnu11;
				GCC_DYNAMIC_NO_PIC = NO;
				GCC_NO_COMMON_BLOCKS = YES;
				GCC_OPTIMIZATION_LEVEL = 0;
				GCC_PREPROCESSOR_DEFINITIONS = (
					"DEBUG=1",
					"$(inherited)",
				);
				GCC_WARN_64_TO_32_BIT_CONVERSION = YES;
				GCC_WARN_ABOUT_RETURN_TYPE = YES_ERROR;
				GCC_WARN_UNDECLARED_SELECTOR = YES;
				GCC_WARN_UNINITIALIZED_AUTOS = YES_AGGRESSIVE;
				GCC_WARN_UNUSED_FUNCTION = YES;
				GCC_WARN_UNUSED_VARIABLE = YES;
				IPHONEOS_DEPLOYMENT_TARGET = 11.0;
				MTL_ENABLE_DEBUG_INFO = YES;
				ONLY_ACTIVE_ARCH = YES;
				SDKROOT = iphoneos;
				SWIFT_ACTIVE_COMPILATION_CONDITIONS = DEBUG;
				SWIFT_OPTIMIZATION_LEVEL = "-Onone";
			};
			name = Debug;
		};
		3D38F3A81F26E44A00E05B75 /* Release */ = {
			isa = XCBuildConfiguration;
			buildSettings = {
				ALWAYS_SEARCH_USER_PATHS = NO;
				CLANG_ANALYZER_LOCALIZABILITY_NONLOCALIZED = YES;
				CLANG_ANALYZER_NONNULL = YES;
				CLANG_ANALYZER_NUMBER_OBJECT_CONVERSION = YES_AGGRESSIVE;
				CLANG_CXX_LANGUAGE_STANDARD = "gnu++14";
				CLANG_CXX_LIBRARY = "libc++";
				CLANG_ENABLE_MODULES = YES;
				CLANG_ENABLE_OBJC_ARC = YES;
				CLANG_WARN_BLOCK_CAPTURE_AUTORELEASING = YES;
				CLANG_WARN_BOOL_CONVERSION = YES;
				CLANG_WARN_COMMA = YES;
				CLANG_WARN_CONSTANT_CONVERSION = YES;
				CLANG_WARN_DEPRECATED_OBJC_IMPLEMENTATIONS = YES;
				CLANG_WARN_DIRECT_OBJC_ISA_USAGE = YES_ERROR;
				CLANG_WARN_DOCUMENTATION_COMMENTS = YES;
				CLANG_WARN_EMPTY_BODY = YES;
				CLANG_WARN_ENUM_CONVERSION = YES;
				CLANG_WARN_INFINITE_RECURSION = YES;
				CLANG_WARN_INT_CONVERSION = YES;
				CLANG_WARN_NON_LITERAL_NULL_CONVERSION = YES;
				CLANG_WARN_OBJC_IMPLICIT_RETAIN_SELF = YES;
				CLANG_WARN_OBJC_LITERAL_CONVERSION = YES;
				CLANG_WARN_OBJC_ROOT_CLASS = YES_ERROR;
				CLANG_WARN_RANGE_LOOP_ANALYSIS = YES;
				CLANG_WARN_STRICT_PROTOTYPES = YES;
				CLANG_WARN_SUSPICIOUS_MOVE = YES;
				CLANG_WARN_UNGUARDED_AVAILABILITY = YES_AGGRESSIVE;
				CLANG_WARN_UNREACHABLE_CODE = YES;
				CLANG_WARN__DUPLICATE_METHOD_MATCH = YES;
				CODE_SIGN_IDENTITY = "iPhone Developer";
				COPY_PHASE_STRIP = NO;
				DEBUG_INFORMATION_FORMAT = "dwarf-with-dsym";
				ENABLE_NS_ASSERTIONS = NO;
				ENABLE_STRICT_OBJC_MSGSEND = YES;
				GCC_C_LANGUAGE_STANDARD = gnu11;
				GCC_NO_COMMON_BLOCKS = YES;
				GCC_WARN_64_TO_32_BIT_CONVERSION = YES;
				GCC_WARN_ABOUT_RETURN_TYPE = YES_ERROR;
				GCC_WARN_UNDECLARED_SELECTOR = YES;
				GCC_WARN_UNINITIALIZED_AUTOS = YES_AGGRESSIVE;
				GCC_WARN_UNUSED_FUNCTION = YES;
				GCC_WARN_UNUSED_VARIABLE = YES;
				IPHONEOS_DEPLOYMENT_TARGET = 11.0;
				MTL_ENABLE_DEBUG_INFO = NO;
				SDKROOT = iphoneos;
				SWIFT_OPTIMIZATION_LEVEL = "-Owholemodule";
				VALIDATE_PRODUCT = YES;
			};
			name = Release;
		};
		3D38F3AA1F26E44A00E05B75 /* Debug */ = {
			isa = XCBuildConfiguration;
			buildSettings = {
				ALWAYS_EMBED_SWIFT_STANDARD_LIBRARIES = YES;
				ASSETCATALOG_COMPILER_APPICON_NAME = AppIcon;
				DEVELOPMENT_TEAM = 5W7CU97HPW;
				INFOPLIST_FILE = transitApp/Info.plist;
				IPHONEOS_DEPLOYMENT_TARGET = 11.0;
				LD_RUNPATH_SEARCH_PATHS = "$(inherited) @executable_path/Frameworks";
				PRODUCT_BUNDLE_IDENTIFIER = com.williamdu.transitApp;
				PRODUCT_NAME = "$(TARGET_NAME)";
				SWIFT_VERSION = 5.0;
				TARGETED_DEVICE_FAMILY = "1,2";
			};
			name = Debug;
		};
		3D38F3AB1F26E44A00E05B75 /* Release */ = {
			isa = XCBuildConfiguration;
			buildSettings = {
				ALWAYS_EMBED_SWIFT_STANDARD_LIBRARIES = YES;
				ASSETCATALOG_COMPILER_APPICON_NAME = AppIcon;
				DEVELOPMENT_TEAM = 5W7CU97HPW;
				INFOPLIST_FILE = transitApp/Info.plist;
				IPHONEOS_DEPLOYMENT_TARGET = 11.0;
				LD_RUNPATH_SEARCH_PATHS = "$(inherited) @executable_path/Frameworks";
				PRODUCT_BUNDLE_IDENTIFIER = com.williamdu.transitApp;
				PRODUCT_NAME = "$(TARGET_NAME)";
				SWIFT_VERSION = 5.0;
				TARGETED_DEVICE_FAMILY = "1,2";
			};
			name = Release;
		};
		3D38F3AD1F26E44A00E05B75 /* Debug */ = {
			isa = XCBuildConfiguration;
			buildSettings = {
				ALWAYS_EMBED_SWIFT_STANDARD_LIBRARIES = YES;
				BUNDLE_LOADER = "$(TEST_HOST)";
				DEVELOPMENT_TEAM = 5W7CU97HPW;
				INFOPLIST_FILE = transitAppTests/Info.plist;
				LD_RUNPATH_SEARCH_PATHS = "$(inherited) @executable_path/Frameworks @loader_path/Frameworks";
				PRODUCT_BUNDLE_IDENTIFIER = space.williamdu.transitAppTests;
				PRODUCT_NAME = "$(TARGET_NAME)";
				SWIFT_VERSION = 5.0;
				TARGETED_DEVICE_FAMILY = "1,2";
				TEST_HOST = "$(BUILT_PRODUCTS_DIR)/transitApp.app/transitApp";
			};
			name = Debug;
		};
		3D38F3AE1F26E44A00E05B75 /* Release */ = {
			isa = XCBuildConfiguration;
			buildSettings = {
				ALWAYS_EMBED_SWIFT_STANDARD_LIBRARIES = YES;
				BUNDLE_LOADER = "$(TEST_HOST)";
				DEVELOPMENT_TEAM = 5W7CU97HPW;
				INFOPLIST_FILE = transitAppTests/Info.plist;
				LD_RUNPATH_SEARCH_PATHS = "$(inherited) @executable_path/Frameworks @loader_path/Frameworks";
				PRODUCT_BUNDLE_IDENTIFIER = space.williamdu.transitAppTests;
				PRODUCT_NAME = "$(TARGET_NAME)";
				SWIFT_VERSION = 5.0;
				TARGETED_DEVICE_FAMILY = "1,2";
				TEST_HOST = "$(BUILT_PRODUCTS_DIR)/transitApp.app/transitApp";
			};
			name = Release;
		};
		3D38F3B01F26E44A00E05B75 /* Debug */ = {
			isa = XCBuildConfiguration;
			buildSettings = {
				ALWAYS_EMBED_SWIFT_STANDARD_LIBRARIES = YES;
				DEVELOPMENT_TEAM = 5W7CU97HPW;
				INFOPLIST_FILE = transitAppUITests/Info.plist;
				LD_RUNPATH_SEARCH_PATHS = "$(inherited) @executable_path/Frameworks @loader_path/Frameworks";
				PRODUCT_BUNDLE_IDENTIFIER = space.williamdu.transitAppUITests;
				PRODUCT_NAME = "$(TARGET_NAME)";
				SWIFT_VERSION = 5.0;
				TARGETED_DEVICE_FAMILY = "1,2";
				TEST_TARGET_NAME = transitApp;
			};
			name = Debug;
		};
		3D38F3B11F26E44A00E05B75 /* Release */ = {
			isa = XCBuildConfiguration;
			buildSettings = {
				ALWAYS_EMBED_SWIFT_STANDARD_LIBRARIES = YES;
				DEVELOPMENT_TEAM = 5W7CU97HPW;
				INFOPLIST_FILE = transitAppUITests/Info.plist;
				LD_RUNPATH_SEARCH_PATHS = "$(inherited) @executable_path/Frameworks @loader_path/Frameworks";
				PRODUCT_BUNDLE_IDENTIFIER = space.williamdu.transitAppUITests;
				PRODUCT_NAME = "$(TARGET_NAME)";
				SWIFT_VERSION = 5.0;
				TARGETED_DEVICE_FAMILY = "1,2";
				TEST_TARGET_NAME = transitApp;
			};
			name = Release;
		};
		3D4CECC920C9B6EA000A845F /* Debug */ = {
			isa = XCBuildConfiguration;
			buildSettings = {
				CLANG_ENABLE_OBJC_WEAK = YES;
				CODE_SIGN_STYLE = Automatic;
				DEVELOPMENT_TEAM = 5W7CU97HPW;
				INFOPLIST_FILE = transitApp_widget/Info.plist;
				IPHONEOS_DEPLOYMENT_TARGET = 11.4;
				LD_RUNPATH_SEARCH_PATHS = "$(inherited) @executable_path/Frameworks @executable_path/../../Frameworks";
				PRODUCT_BUNDLE_IDENTIFIER = "com.williamdu.transitApp.transitApp-widget";
				PRODUCT_NAME = "$(TARGET_NAME)";
				SKIP_INSTALL = YES;
				SWIFT_VERSION = 5.0;
				TARGETED_DEVICE_FAMILY = "1,2";
			};
			name = Debug;
		};
		3D4CECCA20C9B6EA000A845F /* Release */ = {
			isa = XCBuildConfiguration;
			buildSettings = {
				CLANG_ENABLE_OBJC_WEAK = YES;
				CODE_SIGN_STYLE = Automatic;
				DEVELOPMENT_TEAM = 5W7CU97HPW;
				INFOPLIST_FILE = transitApp_widget/Info.plist;
				IPHONEOS_DEPLOYMENT_TARGET = 11.4;
				LD_RUNPATH_SEARCH_PATHS = "$(inherited) @executable_path/Frameworks @executable_path/../../Frameworks";
				PRODUCT_BUNDLE_IDENTIFIER = "com.williamdu.transitApp.transitApp-widget";
				PRODUCT_NAME = "$(TARGET_NAME)";
				SKIP_INSTALL = YES;
				SWIFT_VERSION = 5.0;
				TARGETED_DEVICE_FAMILY = "1,2";
			};
			name = Release;
		};
/* End XCBuildConfiguration section */

/* Begin XCConfigurationList section */
		3D38F3791F26E44A00E05B75 /* Build configuration list for PBXProject "transitApp" */ = {
			isa = XCConfigurationList;
			buildConfigurations = (
				3D38F3A71F26E44A00E05B75 /* Debug */,
				3D38F3A81F26E44A00E05B75 /* Release */,
			);
			defaultConfigurationIsVisible = 0;
			defaultConfigurationName = Release;
		};
		3D38F3A91F26E44A00E05B75 /* Build configuration list for PBXNativeTarget "transitApp" */ = {
			isa = XCConfigurationList;
			buildConfigurations = (
				3D38F3AA1F26E44A00E05B75 /* Debug */,
				3D38F3AB1F26E44A00E05B75 /* Release */,
			);
			defaultConfigurationIsVisible = 0;
			defaultConfigurationName = Release;
		};
		3D38F3AC1F26E44A00E05B75 /* Build configuration list for PBXNativeTarget "transitAppTests" */ = {
			isa = XCConfigurationList;
			buildConfigurations = (
				3D38F3AD1F26E44A00E05B75 /* Debug */,
				3D38F3AE1F26E44A00E05B75 /* Release */,
			);
			defaultConfigurationIsVisible = 0;
			defaultConfigurationName = Release;
		};
		3D38F3AF1F26E44A00E05B75 /* Build configuration list for PBXNativeTarget "transitAppUITests" */ = {
			isa = XCConfigurationList;
			buildConfigurations = (
				3D38F3B01F26E44A00E05B75 /* Debug */,
				3D38F3B11F26E44A00E05B75 /* Release */,
			);
			defaultConfigurationIsVisible = 0;
			defaultConfigurationName = Release;
		};
		3D4CECC820C9B6EA000A845F /* Build configuration list for PBXNativeTarget "transitApp_widget" */ = {
			isa = XCConfigurationList;
			buildConfigurations = (
				3D4CECC920C9B6EA000A845F /* Debug */,
				3D4CECCA20C9B6EA000A845F /* Release */,
			);
			defaultConfigurationIsVisible = 0;
			defaultConfigurationName = Release;
		};
/* End XCConfigurationList section */

/* Begin XCVersionGroup section */
		3D38F3881F26E44A00E05B75 /* transitApp.xcdatamodeld */ = {
			isa = XCVersionGroup;
			children = (
				3D38F3891F26E44A00E05B75 /* transitApp.xcdatamodel */,
			);
			currentVersion = 3D38F3891F26E44A00E05B75 /* transitApp.xcdatamodel */;
			path = transitApp.xcdatamodeld;
			sourceTree = "<group>";
			versionGroupType = wrapper.xcdatamodel;
		};
/* End XCVersionGroup section */
	};
	rootObject = 3D38F3761F26E44A00E05B75 /* Project object */;
}
